{
  "name": "synckit",
  "version": "0.11.9",
  "lockfileVersion": 1,
  "requires": true,
  "dependencies": {
    "@pkgr/core": {
      "version": "0.2.9",
      "resolved": "https://registry.npmjs.org/@pkgr/core/-/core-0.2.9.tgz",
      "integrity": "sha512-QNqXyfVS2wm9hweSYD2O7F0G06uurj9kZ96TRQE5Y9hU7+tgdZwIkbAKc5Ocy1HxEY2kuDQa6cQ1WRs/O5LFKA=="
    }
  }
}
